PODS:
  - CryptoSwift (0.8.3)
  - Nimble (7.0.3)
  - Quick (1.2.0)
  - secp256k1_ios (0.1.1)
  - SwiftLint (0.25.1)
  - SwiftyJSON (4.0.0)
  - Web3Swift (0.1.0):
    - CryptoSwift (= 0.8.3)
    - secp256k1_ios (= 0.1.1)
    - SwiftyJSON (= 4.0)

DEPENDENCIES:
  - Nimble (~> 7.0)
  - Quick (~> 1.2)
  - SwiftLint (from `https://github.com/Web3Swift/SwiftLint.git`)
  - Web3Swift (from `../`)

EXTERNAL SOURCES:
  SwiftLint:
    :git: https://github.com/Web3Swift/SwiftLint.git
  Web3Swift:
    :path: ../

CHECKOUT OPTIONS:
  SwiftLint:
    :commit: 3e1dad7cabce23babf4414076723f2137875d68d
    :git: https://github.com/Web3Swift/SwiftLint.git

SPEC CHECKSUMS:
  CryptoSwift: 033efc3523865d19cc6ab6612fa17a62613b5dfa
  Nimble: 7f5a9c447a33002645a071bddafbfb24ea70e0ac
  Quick: 58d203b1c5e27fff7229c4c1ae445ad7069a7a08
  secp256k1_ios: 3c94e6cce14ff03924cb6dc10c5017f17011b79d
  SwiftLint: ce933681be10c3266e82576dad676fa815a602e9
  SwiftyJSON: 070dabdcb1beb81b247c65ffa3a79dbbfb3b48aa
  Web3Swift: 7429424be623de7a6f804eab5eaa903955e13d00

PODFILE CHECKSUM: f035427524c4ba267264535e6a7b0cd6736d6b4b

COCOAPODS: 1.4.0
