// !$*UTF8*$!
{
	archiveVersion = 1;
	classes = {
	};
	objectVersion = 46;
	objects = {

/* Begin PBXBuildFile section */
		179920E6147A7C94464EBBDE /* Pods_Web3Swift_Tests.framework in Frameworks */ = {isa = PBXBuildFile; fileRef = 8D3D6BEF8030D59C6F4A15FB /* Pods_Web3Swift_Tests.framework */; };
		584FA007F1C9FE25106C2335 /* BigEndianNumberUIntTests.swift in Sources */ = {isa = PBXBuildFile; fileRef = 584FAF575C27A0C5582EE1F6 /* BigEndianNumberUIntTests.swift */; };
		584FA0538DC5998B4B54F39C /* ABIDynamicCollectionTests.swift in Sources */ = {isa = PBXBuildFile; fileRef = 584FAEE6AF0710F0878EDBF0 /* ABIDynamicCollectionTests.swift */; };
		584FA0A1656975E37C890523 /* LeadingCompactBytesTests.swift in Sources */ = {isa = PBXBuildFile; fileRef = 584FA05EFE4DB2A85EFA494B /* LeadingCompactBytesTests.swift */; };
		584FA0A7CF0EBB0B9AAD344A /* HexPrefixTests.swift in Sources */ = {isa = PBXBuildFile; fileRef = 584FA3ACF247722B05D563C4 /* HexPrefixTests.swift */; };
		584FA0C5E8ED7728A2AAD364 /* GanacheLocalNetwork.swift in Sources */ = {isa = PBXBuildFile; fileRef = 584FA888EDFB99F27887D65B /* GanacheLocalNetwork.swift */; };
		584FA0F35749FB85E05B6F31 /* EthTransactionBytesTests.swift in Sources */ = {isa = PBXBuildFile; fileRef = 584FAD5006DB62AA3B5BF1D0 /* EthTransactionBytesTests.swift */; };
		584FA166D13C708CA59C1D40 /* EthGasPriceTests.swift in Sources */ = {isa = PBXBuildFile; fileRef = 584FA38F8C473B2FD090FFCA /* EthGasPriceTests.swift */; };
		584FA1A012191D2A54C91613 /* BytesFromCompactHexStringTests.swift in Sources */ = {isa = PBXBuildFile; fileRef = 584FAAEB7FCC55D0DED15A42 /* BytesFromCompactHexStringTests.swift */; };
		584FA1AA2BED7032494BFE8F /* IntegerBytesTests.swift in Sources */ = {isa = PBXBuildFile; fileRef = 584FAE4F0D7A5BD3C3484ACC /* IntegerBytesTests.swift */; };
		584FA1D30FE97BD70FAD9117 /* GetTransactionsCountProcedureTests.swift in Sources */ = {isa = PBXBuildFile; fileRef = 584FAFC4DFD37E513B7E286C /* GetTransactionsCountProcedureTests.swift */; };
		584FA1F986D1B7764655DC75 /* HexPrefixedStringTests.swift in Sources */ = {isa = PBXBuildFile; fileRef = 584FAE5CF87E621257F15405 /* HexPrefixedStringTests.swift */; };
		584FA224DD79A59F68AFCD3E /* ComputedContractAddressTests.swift in Sources */ = {isa = PBXBuildFile; fileRef = 584FA46642A33BD30B8FCD2A /* ComputedContractAddressTests.swift */; };
		584FA232EF68173B6351106A /* EthTransactionHashIT.swift in Sources */ = {isa = PBXBuildFile; fileRef = 584FA4208C30EBB90E274EC4 /* EthTransactionHashIT.swift */; };
		584FA245CD1B6BA97CF19D3E /* EstimateGasProcedureTests.swift in Sources */ = {isa = PBXBuildFile; fileRef = 584FA4CA2C3E830CA0CAF980 /* EstimateGasProcedureTests.swift */; };
		584FA25884A8A5968AE8796C /* ContractCallProcedureTests.swift in Sources */ = {isa = PBXBuildFile; fileRef = 584FA7F7CE27DE3BEFB66E6C /* ContractCallProcedureTests.swift */; };
		584FA27299B5C54E558E6355 /* ByteWidthTests.swift in Sources */ = {isa = PBXBuildFile; fileRef = 584FA6C98ECA780456027E15 /* ByteWidthTests.swift */; };
		584FA294E0F5E5F8CDB33E28 /* Bob.swift in Sources */ = {isa = PBXBuildFile; fileRef = 584FABD6C80EED70D4F25F55 /* Bob.swift */; };
		584FA29BFE13850E334AEE11 /* FixedLengthBytesTests.swift in Sources */ = {isa = PBXBuildFile; fileRef = 584FAECE55D11B16B13F39A0 /* FixedLengthBytesTests.swift */; };
		584FA2DB083CFB2D961D9F7B /* EncodedABITupleTests.swift in Sources */ = {isa = PBXBuildFile; fileRef = 584FA7F0A2C068EA931B3E40 /* EncodedABITupleTests.swift */; };
		584FA36A481ECD04D8AF8B6D /* ABIFixedBytesTests.swift in Sources */ = {isa = PBXBuildFile; fileRef = 584FA32826DDDE0AB5001233 /* ABIFixedBytesTests.swift */; };
		584FA37814121039A14D60A8 /* ABIUnsignedNumberTests.swift in Sources */ = {isa = PBXBuildFile; fileRef = 584FABBF9163CBAF753DBB21 /* ABIUnsignedNumberTests.swift */; };
		584FA3967DDC46A750CA7847 /* BigEndianNumberHexTests.swift in Sources */ = {isa = PBXBuildFile; fileRef = 584FA5CA61C28B8797336539 /* BigEndianNumberHexTests.swift */; };
		584FA474A83B20483AA3865A /* PrefixedHexStringTests.swift in Sources */ = {isa = PBXBuildFile; fileRef = 584FAD359591DA1D23533A0D /* PrefixedHexStringTests.swift */; };
		584FA479C553F9EAF3EF0E5D /* EthTransactionIT.swift in Sources */ = {isa = PBXBuildFile; fileRef = 584FA90D66527DCFCE518E9C /* EthTransactionIT.swift */; };
		584FA4C51FE10AFE6858E23A /* EncodedABIFunctionTests.swift in Sources */ = {isa = PBXBuildFile; fileRef = 584FAC76DDB015EC3F5212DE /* EncodedABIFunctionTests.swift */; };
		584FA538B1B4B38D0AD9D0C9 /* SECP256k1SignatureTests.swift in Sources */ = {isa = PBXBuildFile; fileRef = 584FA147B4074725F6630283 /* SECP256k1SignatureTests.swift */; };
		584FA54118C09BB79AE1BB7E /* ASCIIStringBytesTests.swift in Sources */ = {isa = PBXBuildFile; fileRef = 584FA5BD2B0C045282F233FE /* ASCIIStringBytesTests.swift */; };
		584FA57AE4696ABCE69EF251 /* ABIAddressTests.swift in Sources */ = {isa = PBXBuildFile; fileRef = 584FAF93BD185C4B03317BD5 /* ABIAddressTests.swift */; };
		584FA57D105290DBCD21DCD7 /* MainnetInfuraMetamaskNetwork.swift in Sources */ = {isa = PBXBuildFile; fileRef = 584FA742AE71D7A00EE214B0 /* MainnetInfuraMetamaskNetwork.swift */; };
		584FA5983BEADC204550D6B2 /* EncodedContractTests.swift in Sources */ = {isa = PBXBuildFile; fileRef = 584FA3A32F07F98B84AEC25E /* EncodedContractTests.swift */; };
		584FA5C085BF5892631B17AF /* LeftZeroesPaddedBytesTests.swift in Sources */ = {isa = PBXBuildFile; fileRef = 584FA84177D99BD8D49055C2 /* LeftZeroesPaddedBytesTests.swift */; };
		584FA659D7E3D235F107B30A /* ContractDeploymentAndCallIT.swift in Sources */ = {isa = PBXBuildFile; fileRef = 584FA9D0D639D3F5E5025055 /* ContractDeploymentAndCallIT.swift */; };
		584FA665B514D92127A9EE7E /* CachedNumberTests.swift in Sources */ = {isa = PBXBuildFile; fileRef = 584FA6A977436ED13112AD8C /* CachedNumberTests.swift */; };
		584FA717F76BEE396A3010DE /* EthDirectTransactionBytesTests.swift in Sources */ = {isa = PBXBuildFile; fileRef = 584FAA96E69D042148CE79CE /* EthDirectTransactionBytesTests.swift */; };
		584FA7C41200ACF7635B34F4 /* Tim.swift in Sources */ = {isa = PBXBuildFile; fileRef = 584FA5956573371EC7076EB8 /* Tim.swift */; };
		584FA7EFE57C0E816D2A22FE /* BytesFromHexStringTests.swift in Sources */ = {isa = PBXBuildFile; fileRef = 584FA82FCF5FAF36C735DEA7 /* BytesFromHexStringTests.swift */; };
		584FA7F17D3B2B2F38437B3B /* RightZeroesPaddedBytesTests.swift in Sources */ = {isa = PBXBuildFile; fileRef = 584FAA67F0C1C9448CD094F8 /* RightZeroesPaddedBytesTests.swift */; };
		584FA80F75A83DCF7A6C971B /* UnprefixedHexStringTests.swift in Sources */ = {isa = PBXBuildFile; fileRef = 584FAC6B00D3D216834AA0F9 /* UnprefixedHexStringTests.swift */; };
		584FA8368A550CEF7AA30085 /* TransactionReceiptProcedureTests.swift in Sources */ = {isa = PBXBuildFile; fileRef = 584FA39CA2D6FCF228B88B86 /* TransactionReceiptProcedureTests.swift */; };
		584FA848F23C434B6D50B7C3 /* RLPTests.swift in Sources */ = {isa = PBXBuildFile; fileRef = 584FACC5A38F59EE5FCD2BC7 /* RLPTests.swift */; };
		584FA85A0A7C54C0D75375ED /* Actor.swift in Sources */ = {isa = PBXBuildFile; fileRef = 584FA59C4A88A66CD1D2A635 /* Actor.swift */; };
		584FA85C619D278B919E8583 /* ABIVariableBytesTests.swift in Sources */ = {isa = PBXBuildFile; fileRef = 584FABB9267835054003EE2F /* ABIVariableBytesTests.swift */; };
		584FA8DB9AC9BD077D9315A5 /* MainnetInfuraMetamaskNetworkTests.swift in Sources */ = {isa = PBXBuildFile; fileRef = 584FAC3ECB551AEEC8ABD750 /* MainnetInfuraMetamaskNetworkTests.swift */; };
		584FA91C2284970D36822BF8 /* LastBytesTests.swift in Sources */ = {isa = PBXBuildFile; fileRef = 584FA7297F773191C9C38F22 /* LastBytesTests.swift */; };
		584FA951AD3FAB9C359A90EF /* GanacheLocalNetworkTests.swift in Sources */ = {isa = PBXBuildFile; fileRef = 584FA10372E81BD021BBE091 /* GanacheLocalNetworkTests.swift */; };
		584FA9AF9A23FA952F4A0878 /* BigEndianCompactNumberTests.swift in Sources */ = {isa = PBXBuildFile; fileRef = 584FAD7F8C311AD4D83C015D /* BigEndianCompactNumberTests.swift */; };
		584FA9C3714F513ECEEF42B6 /* UTF8StringBytesTests.swift in Sources */ = {isa = PBXBuildFile; fileRef = 584FAABDE4B44E4D79747126 /* UTF8StringBytesTests.swift */; };
		584FA9DBA01B7EAE9EC1021B /* EthTransactionsTests.swift in Sources */ = {isa = PBXBuildFile; fileRef = 584FAE325995A0ABA7A8A643 /* EthTransactionsTests.swift */; };
		584FAA11B99158E23C19D72D /* EthContractCreationBytesTests.swift in Sources */ = {isa = PBXBuildFile; fileRef = 584FADA6E364EE1FB2ACF6D5 /* EthContractCreationBytesTests.swift */; };
		584FAA14203BE4FA51BD4A13 /* GetGasPriceProcedureTests.swift in Sources */ = {isa = PBXBuildFile; fileRef = 584FACF870DFF799329F558F /* GetGasPriceProcedureTests.swift */; };
		584FAA14636513F543FBBB25 /* Keccak256BytesTests.swift in Sources */ = {isa = PBXBuildFile; fileRef = 584FA16075964EA60013B3F6 /* Keccak256BytesTests.swift */; };
		584FAA357B56038EF5C83C01 /* HexStringTests.swift in Sources */ = {isa = PBXBuildFile; fileRef = 584FA9721120A205A9959167 /* HexStringTests.swift */; };
		584FAA77E171634E1127C365 /* ABITupleTests.swift in Sources */ = {isa = PBXBuildFile; fileRef = 584FAF2C54B1C4EDEBE80863 /* ABITupleTests.swift */; };
		584FAA7C2DB291CE1E05EB63 /* JSONTypeErrorTests.swift in Sources */ = {isa = PBXBuildFile; fileRef = 584FA9049076A62873C3412B /* JSONTypeErrorTests.swift */; };
		584FAA8181A6C461F4592D3A /* PrefixedStringTests.swift in Sources */ = {isa = PBXBuildFile; fileRef = 584FA1322EE0360321406074 /* PrefixedStringTests.swift */; };
		584FAA8C1856FBC6D0B6C832 /* ABIBooleanTests.swift in Sources */ = {isa = PBXBuildFile; fileRef = 584FA0257DA6DB8683BE821C /* ABIBooleanTests.swift */; };
		584FAAD68EA651E9A9AC005A /* CollectionSingleTests.swift in Sources */ = {isa = PBXBuildFile; fileRef = 584FA0226149AA277B0AE608 /* CollectionSingleTests.swift */; };
		584FAADDF5CB1FD4572644E1 /* CachedBytesTests.swift in Sources */ = {isa = PBXBuildFile; fileRef = 584FAC17EC066058E7D20BE2 /* CachedBytesTests.swift */; };
		584FABCD64F5EE3A2B75711C /* Alice.swift in Sources */ = {isa = PBXBuildFile; fileRef = 584FA32C3C58D34E4DC7B529 /* Alice.swift */; };
		584FAC14A7FB7733155AE533 /* EthTransactionReceiptIT.swift in Sources */ = {isa = PBXBuildFile; fileRef = 584FAD790B58E8D51D497101 /* EthTransactionReceiptIT.swift */; };
		584FAC63F128D0FD1C832A17 /* EthPrivateKeyTests.swift in Sources */ = {isa = PBXBuildFile; fileRef = 584FAFABC7894A1043564BE3 /* EthPrivateKeyTests.swift */; };
		584FAC87B490AD9C55DBB3AA /* EthRLPTests.swift in Sources */ = {isa = PBXBuildFile; fileRef = 584FAAFBCBF4F2230595455E /* EthRLPTests.swift */; };
		584FACA026F2BF079EB9CB13 /* EthGasEstimateTests.swift in Sources */ = {isa = PBXBuildFile; fileRef = 584FAC3714986BAFD48E092D /* EthGasEstimateTests.swift */; };
		584FACDDE9E98EDA9C414EF6 /* RandomNonceTests.swift in Sources */ = {isa = PBXBuildFile; fileRef = 584FAB47440D3CE3C6ED0684 /* RandomNonceTests.swift */; };
		584FACEC7F5AD9060590ED93 /* URL.swift in Sources */ = {isa = PBXBuildFile; fileRef = 584FA82731B90F65C00992E6 /* URL.swift */; };
		584FAD3793AFB655815DBBA6 /* ChainIDProcedureTests.swift in Sources */ = {isa = PBXBuildFile; fileRef = 584FA8BDDA8B4B1DF68FA7AA /* ChainIDProcedureTests.swift */; };
		584FAD6A547499538A33A63B /* FirstBytesTests.swift in Sources */ = {isa = PBXBuildFile; fileRef = 584FADA4B17A275E320F82F7 /* FirstBytesTests.swift */; };
		584FADD42B73A3FEEE9B8550 /* VerifiedProcedureTests.swift in Sources */ = {isa = PBXBuildFile; fileRef = 584FAA6C3F107CDBD93BAFB1 /* VerifiedProcedureTests.swift */; };
		584FAEA6A4077131C889E840 /* TrimmedPrefixStringTests.swift in Sources */ = {isa = PBXBuildFile; fileRef = 584FADD609CFD3D1B146EA9A /* TrimmedPrefixStringTests.swift */; };
		584FAED8755DD6F0E88C6D04 /* ConcatenatedBytesTests.swift in Sources */ = {isa = PBXBuildFile; fileRef = 584FAEA2A535B392091AA1B2 /* ConcatenatedBytesTests.swift */; };
		584FAFBE8C15F8AE72AC55BF /* ABIStringTests.swift in Sources */ = {isa = PBXBuildFile; fileRef = 584FA305C163C5CDB50AFBA2 /* ABIStringTests.swift */; };
		584FAFDCB05D1C67298CA74A /* SimpleActor.swift in Sources */ = {isa = PBXBuildFile; fileRef = 584FAC94BEC3EAEC8EDCD1DA /* SimpleActor.swift */; };
		584FAFF5E966CB6A9CF1B17A /* EthAutoAccountIT.swift in Sources */ = {isa = PBXBuildFile; fileRef = 584FA15466E980BC9B309CE9 /* EthAutoAccountIT.swift */; };
		607FACD61AFB9204008FA782 /* AppDelegate.swift in Sources */ = {isa = PBXBuildFile; fileRef = 607FACD51AFB9204008FA782 /* AppDelegate.swift */; };
		607FACD81AFB9204008FA782 /* ViewController.swift in Sources */ = {isa = PBXBuildFile; fileRef = 607FACD71AFB9204008FA782 /* ViewController.swift */; };
		607FACDB1AFB9204008FA782 /* Main.storyboard in Resources */ = {isa = PBXBuildFile; fileRef = 607FACD91AFB9204008FA782 /* Main.storyboard */; };
		607FACDD1AFB9204008FA782 /* Images.xcassets in Resources */ = {isa = PBXBuildFile; fileRef = 607FACDC1AFB9204008FA782 /* Images.xcassets */; };
		607FACE01AFB9204008FA782 /* LaunchScreen.xib in Resources */ = {isa = PBXBuildFile; fileRef = 607FACDE1AFB9204008FA782 /* LaunchScreen.xib */; };
		8C748B8F20407AF100F40AF9 /* ObjectParameterTests.swift in Sources */ = {isa = PBXBuildFile; fileRef = 8C748B8E20407AF100F40AF9 /* ObjectParameterTests.swift */; };
		8C748B9320407E1800F40AF9 /* GethNetworkTests.swift in Sources */ = {isa = PBXBuildFile; fileRef = 8C748B9220407E1800F40AF9 /* GethNetworkTests.swift */; };
		8C748B952040848B00F40AF9 /* SimpleNetworkTests.swift in Sources */ = {isa = PBXBuildFile; fileRef = 8C748B942040848B00F40AF9 /* SimpleNetworkTests.swift */; };
		8C748B9720408A4800F40AF9 /* InfuraNetworkTests.swift in Sources */ = {isa = PBXBuildFile; fileRef = 8C748B9620408A4800F40AF9 /* InfuraNetworkTests.swift */; };
		8C77B9E8203DAF320097DE61 /* EthAddressTests.swift in Sources */ = {isa = PBXBuildFile; fileRef = 8C77B9E7203DAF320097DE61 /* EthAddressTests.swift */; };
		8C77B9F3203DC77A0097DE61 /* BytesParameterTests.swift in Sources */ = {isa = PBXBuildFile; fileRef = 8C77B9F2203DC77A0097DE61 /* BytesParameterTests.swift */; };
		8C77B9F5203DC9340097DE61 /* BooleanParameterTests.swift in Sources */ = {isa = PBXBuildFile; fileRef = 8C77B9F4203DC9340097DE61 /* BooleanParameterTests.swift */; };
		8C77B9F9203DCA220097DE61 /* QuantityParameterTests.swift in Sources */ = {isa = PBXBuildFile; fileRef = 8C77B9F8203DCA220097DE61 /* QuantityParameterTests.swift */; };
		94831128426593F56EE4BCAF /* Pods_Web3Swift_Example.framework in Frameworks */ = {isa = PBXBuildFile; fileRef = F31007316603078343330134 /* Pods_Web3Swift_Example.framework */; };
/* End PBXBuildFile section */

/* Begin PBXContainerItemProxy section */
		607FACE61AFB9204008FA782 /* PBXContainerItemProxy */ = {
			isa = PBXContainerItemProxy;
			containerPortal = 607FACC81AFB9204008FA782 /* Project object */;
			proxyType = 1;
			remoteGlobalIDString = 607FACCF1AFB9204008FA782;
			remoteInfo = Web3Swift;
		};
/* End PBXContainerItemProxy section */

/* Begin PBXFileReference section */
		1683BBDF32FA87183DA47238 /* Pods-Web3Swift_Tests.release.xcconfig */ = {isa = PBXFileReference; includeInIndex = 1; lastKnownFileType = text.xcconfig; name = "Pods-Web3Swift_Tests.release.xcconfig"; path = "Pods/Target Support Files/Pods-Web3Swift_Tests/Pods-Web3Swift_Tests.release.xcconfig"; sourceTree = "<group>"; };
		17A034A484746115F55C4602 /* Pods-Web3Swift_Example.release.xcconfig */ = {isa = PBXFileReference; includeInIndex = 1; lastKnownFileType = text.xcconfig; name = "Pods-Web3Swift_Example.release.xcconfig"; path = "Pods/Target Support Files/Pods-Web3Swift_Example/Pods-Web3Swift_Example.release.xcconfig"; sourceTree = "<group>"; };
		2F320EB26501545845D58F10 /* Web3Swift.podspec */ = {isa = PBXFileReference; includeInIndex = 1; lastKnownFileType = text; name = Web3Swift.podspec; path = ../Web3Swift.podspec; sourceTree = "<group>"; };
		343D350F5D884606EEA5C913 /* LICENSE */ = {isa = PBXFileReference; includeInIndex = 1; lastKnownFileType = text; name = LICENSE; path = ../LICENSE; sourceTree = "<group>"; };
		584FA0226149AA277B0AE608 /* CollectionSingleTests.swift */ = {isa = PBXFileReference; fileEncoding = 4; lastKnownFileType = sourcecode.swift; path = CollectionSingleTests.swift; sourceTree = "<group>"; };
		584FA0257DA6DB8683BE821C /* ABIBooleanTests.swift */ = {isa = PBXFileReference; fileEncoding = 4; lastKnownFileType = sourcecode.swift; path = ABIBooleanTests.swift; sourceTree = "<group>"; };
		584FA05EFE4DB2A85EFA494B /* LeadingCompactBytesTests.swift */ = {isa = PBXFileReference; fileEncoding = 4; lastKnownFileType = sourcecode.swift; path = LeadingCompactBytesTests.swift; sourceTree = "<group>"; };
		584FA10372E81BD021BBE091 /* GanacheLocalNetworkTests.swift */ = {isa = PBXFileReference; fileEncoding = 4; lastKnownFileType = sourcecode.swift; path = GanacheLocalNetworkTests.swift; sourceTree = "<group>"; };
		584FA1322EE0360321406074 /* PrefixedStringTests.swift */ = {isa = PBXFileReference; fileEncoding = 4; lastKnownFileType = sourcecode.swift; path = PrefixedStringTests.swift; sourceTree = "<group>"; };
		584FA147B4074725F6630283 /* SECP256k1SignatureTests.swift */ = {isa = PBXFileReference; fileEncoding = 4; lastKnownFileType = sourcecode.swift; path = SECP256k1SignatureTests.swift; sourceTree = "<group>"; };
		584FA15466E980BC9B309CE9 /* EthAutoAccountIT.swift */ = {isa = PBXFileReference; fileEncoding = 4; lastKnownFileType = sourcecode.swift; path = EthAutoAccountIT.swift; sourceTree = "<group>"; };
		584FA16075964EA60013B3F6 /* Keccak256BytesTests.swift */ = {isa = PBXFileReference; fileEncoding = 4; lastKnownFileType = sourcecode.swift; path = Keccak256BytesTests.swift; sourceTree = "<group>"; };
		584FA305C163C5CDB50AFBA2 /* ABIStringTests.swift */ = {isa = PBXFileReference; fileEncoding = 4; lastKnownFileType = sourcecode.swift; path = ABIStringTests.swift; sourceTree = "<group>"; };
		584FA32826DDDE0AB5001233 /* ABIFixedBytesTests.swift */ = {isa = PBXFileReference; fileEncoding = 4; lastKnownFileType = sourcecode.swift; path = ABIFixedBytesTests.swift; sourceTree = "<group>"; };
		584FA32C3C58D34E4DC7B529 /* Alice.swift */ = {isa = PBXFileReference; fileEncoding = 4; lastKnownFileType = sourcecode.swift; path = Alice.swift; sourceTree = "<group>"; };
		584FA38F8C473B2FD090FFCA /* EthGasPriceTests.swift */ = {isa = PBXFileReference; fileEncoding = 4; lastKnownFileType = sourcecode.swift; path = EthGasPriceTests.swift; sourceTree = "<group>"; };
		584FA39CA2D6FCF228B88B86 /* TransactionReceiptProcedureTests.swift */ = {isa = PBXFileReference; fileEncoding = 4; lastKnownFileType = sourcecode.swift; path = TransactionReceiptProcedureTests.swift; sourceTree = "<group>"; };
		584FA3A32F07F98B84AEC25E /* EncodedContractTests.swift */ = {isa = PBXFileReference; fileEncoding = 4; lastKnownFileType = sourcecode.swift; path = EncodedContractTests.swift; sourceTree = "<group>"; };
		584FA3ACF247722B05D563C4 /* HexPrefixTests.swift */ = {isa = PBXFileReference; fileEncoding = 4; lastKnownFileType = sourcecode.swift; path = HexPrefixTests.swift; sourceTree = "<group>"; };
		584FA4208C30EBB90E274EC4 /* EthTransactionHashIT.swift */ = {isa = PBXFileReference; fileEncoding = 4; lastKnownFileType = sourcecode.swift; path = EthTransactionHashIT.swift; sourceTree = "<group>"; };
		584FA46642A33BD30B8FCD2A /* ComputedContractAddressTests.swift */ = {isa = PBXFileReference; fileEncoding = 4; lastKnownFileType = sourcecode.swift; path = ComputedContractAddressTests.swift; sourceTree = "<group>"; };
		584FA4CA2C3E830CA0CAF980 /* EstimateGasProcedureTests.swift */ = {isa = PBXFileReference; fileEncoding = 4; lastKnownFileType = sourcecode.swift; path = EstimateGasProcedureTests.swift; sourceTree = "<group>"; };
		584FA5956573371EC7076EB8 /* Tim.swift */ = {isa = PBXFileReference; fileEncoding = 4; lastKnownFileType = sourcecode.swift; path = Tim.swift; sourceTree = "<group>"; };
		584FA59C4A88A66CD1D2A635 /* Actor.swift */ = {isa = PBXFileReference; fileEncoding = 4; lastKnownFileType = sourcecode.swift; path = Actor.swift; sourceTree = "<group>"; };
		584FA5BD2B0C045282F233FE /* ASCIIStringBytesTests.swift */ = {isa = PBXFileReference; fileEncoding = 4; lastKnownFileType = sourcecode.swift; path = ASCIIStringBytesTests.swift; sourceTree = "<group>"; };
		584FA5CA61C28B8797336539 /* BigEndianNumberHexTests.swift */ = {isa = PBXFileReference; fileEncoding = 4; lastKnownFileType = sourcecode.swift; path = BigEndianNumberHexTests.swift; sourceTree = "<group>"; };
		584FA6A977436ED13112AD8C /* CachedNumberTests.swift */ = {isa = PBXFileReference; fileEncoding = 4; lastKnownFileType = sourcecode.swift; path = CachedNumberTests.swift; sourceTree = "<group>"; };
		584FA6C98ECA780456027E15 /* ByteWidthTests.swift */ = {isa = PBXFileReference; fileEncoding = 4; lastKnownFileType = sourcecode.swift; path = ByteWidthTests.swift; sourceTree = "<group>"; };
		584FA7297F773191C9C38F22 /* LastBytesTests.swift */ = {isa = PBXFileReference; fileEncoding = 4; lastKnownFileType = sourcecode.swift; path = LastBytesTests.swift; sourceTree = "<group>"; };
		584FA742AE71D7A00EE214B0 /* MainnetInfuraMetamaskNetwork.swift */ = {isa = PBXFileReference; fileEncoding = 4; lastKnownFileType = sourcecode.swift; path = MainnetInfuraMetamaskNetwork.swift; sourceTree = "<group>"; };
		584FA7F0A2C068EA931B3E40 /* EncodedABITupleTests.swift */ = {isa = PBXFileReference; fileEncoding = 4; lastKnownFileType = sourcecode.swift; path = EncodedABITupleTests.swift; sourceTree = "<group>"; };
		584FA7F7CE27DE3BEFB66E6C /* ContractCallProcedureTests.swift */ = {isa = PBXFileReference; fileEncoding = 4; lastKnownFileType = sourcecode.swift; path = ContractCallProcedureTests.swift; sourceTree = "<group>"; };
		584FA82731B90F65C00992E6 /* URL.swift */ = {isa = PBXFileReference; fileEncoding = 4; lastKnownFileType = sourcecode.swift; path = URL.swift; sourceTree = "<group>"; };
		584FA82FCF5FAF36C735DEA7 /* BytesFromHexStringTests.swift */ = {isa = PBXFileReference; fileEncoding = 4; lastKnownFileType = sourcecode.swift; path = BytesFromHexStringTests.swift; sourceTree = "<group>"; };
		584FA84177D99BD8D49055C2 /* LeftZeroesPaddedBytesTests.swift */ = {isa = PBXFileReference; fileEncoding = 4; lastKnownFileType = sourcecode.swift; path = LeftZeroesPaddedBytesTests.swift; sourceTree = "<group>"; };
		584FA888EDFB99F27887D65B /* GanacheLocalNetwork.swift */ = {isa = PBXFileReference; fileEncoding = 4; lastKnownFileType = sourcecode.swift; path = GanacheLocalNetwork.swift; sourceTree = "<group>"; };
		584FA8BDDA8B4B1DF68FA7AA /* ChainIDProcedureTests.swift */ = {isa = PBXFileReference; fileEncoding = 4; lastKnownFileType = sourcecode.swift; path = ChainIDProcedureTests.swift; sourceTree = "<group>"; };
		584FA9049076A62873C3412B /* JSONTypeErrorTests.swift */ = {isa = PBXFileReference; fileEncoding = 4; lastKnownFileType = sourcecode.swift; path = JSONTypeErrorTests.swift; sourceTree = "<group>"; };
		584FA90D66527DCFCE518E9C /* EthTransactionIT.swift */ = {isa = PBXFileReference; fileEncoding = 4; lastKnownFileType = sourcecode.swift; path = EthTransactionIT.swift; sourceTree = "<group>"; };
		584FA9721120A205A9959167 /* HexStringTests.swift */ = {isa = PBXFileReference; fileEncoding = 4; lastKnownFileType = sourcecode.swift; path = HexStringTests.swift; sourceTree = "<group>"; };
		584FA9D0D639D3F5E5025055 /* ContractDeploymentAndCallIT.swift */ = {isa = PBXFileReference; fileEncoding = 4; lastKnownFileType = sourcecode.swift; path = ContractDeploymentAndCallIT.swift; sourceTree = "<group>"; };
		584FAA67F0C1C9448CD094F8 /* RightZeroesPaddedBytesTests.swift */ = {isa = PBXFileReference; fileEncoding = 4; lastKnownFileType = sourcecode.swift; path = RightZeroesPaddedBytesTests.swift; sourceTree = "<group>"; };
		584FAA6C3F107CDBD93BAFB1 /* VerifiedProcedureTests.swift */ = {isa = PBXFileReference; fileEncoding = 4; lastKnownFileType = sourcecode.swift; path = VerifiedProcedureTests.swift; sourceTree = "<group>"; };
		584FAA96E69D042148CE79CE /* EthDirectTransactionBytesTests.swift */ = {isa = PBXFileReference; fileEncoding = 4; lastKnownFileType = sourcecode.swift; path = EthDirectTransactionBytesTests.swift; sourceTree = "<group>"; };
		584FAABDE4B44E4D79747126 /* UTF8StringBytesTests.swift */ = {isa = PBXFileReference; fileEncoding = 4; lastKnownFileType = sourcecode.swift; path = UTF8StringBytesTests.swift; sourceTree = "<group>"; };
		584FAAEB7FCC55D0DED15A42 /* BytesFromCompactHexStringTests.swift */ = {isa = PBXFileReference; fileEncoding = 4; lastKnownFileType = sourcecode.swift; path = BytesFromCompactHexStringTests.swift; sourceTree = "<group>"; };
		584FAAFBCBF4F2230595455E /* EthRLPTests.swift */ = {isa = PBXFileReference; fileEncoding = 4; lastKnownFileType = sourcecode.swift; path = EthRLPTests.swift; sourceTree = "<group>"; };
		584FAB47440D3CE3C6ED0684 /* RandomNonceTests.swift */ = {isa = PBXFileReference; fileEncoding = 4; lastKnownFileType = sourcecode.swift; path = RandomNonceTests.swift; sourceTree = "<group>"; };
		584FABB9267835054003EE2F /* ABIVariableBytesTests.swift */ = {isa = PBXFileReference; fileEncoding = 4; lastKnownFileType = sourcecode.swift; path = ABIVariableBytesTests.swift; sourceTree = "<group>"; };
		584FABBF9163CBAF753DBB21 /* ABIUnsignedNumberTests.swift */ = {isa = PBXFileReference; fileEncoding = 4; lastKnownFileType = sourcecode.swift; path = ABIUnsignedNumberTests.swift; sourceTree = "<group>"; };
		584FABD6C80EED70D4F25F55 /* Bob.swift */ = {isa = PBXFileReference; fileEncoding = 4; lastKnownFileType = sourcecode.swift; path = Bob.swift; sourceTree = "<group>"; };
		584FAC17EC066058E7D20BE2 /* CachedBytesTests.swift */ = {isa = PBXFileReference; fileEncoding = 4; lastKnownFileType = sourcecode.swift; path = CachedBytesTests.swift; sourceTree = "<group>"; };
		584FAC3714986BAFD48E092D /* EthGasEstimateTests.swift */ = {isa = PBXFileReference; fileEncoding = 4; lastKnownFileType = sourcecode.swift; path = EthGasEstimateTests.swift; sourceTree = "<group>"; };
		584FAC3ECB551AEEC8ABD750 /* MainnetInfuraMetamaskNetworkTests.swift */ = {isa = PBXFileReference; fileEncoding = 4; lastKnownFileType = sourcecode.swift; path = MainnetInfuraMetamaskNetworkTests.swift; sourceTree = "<group>"; };
		584FAC6B00D3D216834AA0F9 /* UnprefixedHexStringTests.swift */ = {isa = PBXFileReference; fileEncoding = 4; lastKnownFileType = sourcecode.swift; path = UnprefixedHexStringTests.swift; sourceTree = "<group>"; };
		584FAC76DDB015EC3F5212DE /* EncodedABIFunctionTests.swift */ = {isa = PBXFileReference; fileEncoding = 4; lastKnownFileType = sourcecode.swift; path = EncodedABIFunctionTests.swift; sourceTree = "<group>"; };
		584FAC94BEC3EAEC8EDCD1DA /* SimpleActor.swift */ = {isa = PBXFileReference; fileEncoding = 4; lastKnownFileType = sourcecode.swift; path = SimpleActor.swift; sourceTree = "<group>"; };
		584FACC5A38F59EE5FCD2BC7 /* RLPTests.swift */ = {isa = PBXFileReference; fileEncoding = 4; lastKnownFileType = sourcecode.swift; path = RLPTests.swift; sourceTree = "<group>"; };
		584FACF870DFF799329F558F /* GetGasPriceProcedureTests.swift */ = {isa = PBXFileReference; fileEncoding = 4; lastKnownFileType = sourcecode.swift; path = GetGasPriceProcedureTests.swift; sourceTree = "<group>"; };
		584FAD359591DA1D23533A0D /* PrefixedHexStringTests.swift */ = {isa = PBXFileReference; fileEncoding = 4; lastKnownFileType = sourcecode.swift; path = PrefixedHexStringTests.swift; sourceTree = "<group>"; };
		584FAD5006DB62AA3B5BF1D0 /* EthTransactionBytesTests.swift */ = {isa = PBXFileReference; fileEncoding = 4; lastKnownFileType = sourcecode.swift; path = EthTransactionBytesTests.swift; sourceTree = "<group>"; };
		584FAD790B58E8D51D497101 /* EthTransactionReceiptIT.swift */ = {isa = PBXFileReference; fileEncoding = 4; lastKnownFileType = sourcecode.swift; path = EthTransactionReceiptIT.swift; sourceTree = "<group>"; };
		584FAD7F8C311AD4D83C015D /* BigEndianCompactNumberTests.swift */ = {isa = PBXFileReference; fileEncoding = 4; lastKnownFileType = sourcecode.swift; path = BigEndianCompactNumberTests.swift; sourceTree = "<group>"; };
		584FADA4B17A275E320F82F7 /* FirstBytesTests.swift */ = {isa = PBXFileReference; fileEncoding = 4; lastKnownFileType = sourcecode.swift; path = FirstBytesTests.swift; sourceTree = "<group>"; };
		584FADA6E364EE1FB2ACF6D5 /* EthContractCreationBytesTests.swift */ = {isa = PBXFileReference; fileEncoding = 4; lastKnownFileType = sourcecode.swift; path = EthContractCreationBytesTests.swift; sourceTree = "<group>"; };
		584FADD609CFD3D1B146EA9A /* TrimmedPrefixStringTests.swift */ = {isa = PBXFileReference; fileEncoding = 4; lastKnownFileType = sourcecode.swift; path = TrimmedPrefixStringTests.swift; sourceTree = "<group>"; };
		584FAE325995A0ABA7A8A643 /* EthTransactionsTests.swift */ = {isa = PBXFileReference; fileEncoding = 4; lastKnownFileType = sourcecode.swift; path = EthTransactionsTests.swift; sourceTree = "<group>"; };
		584FAE4F0D7A5BD3C3484ACC /* IntegerBytesTests.swift */ = {isa = PBXFileReference; fileEncoding = 4; lastKnownFileType = sourcecode.swift; path = IntegerBytesTests.swift; sourceTree = "<group>"; };
		584FAE5CF87E621257F15405 /* HexPrefixedStringTests.swift */ = {isa = PBXFileReference; fileEncoding = 4; lastKnownFileType = sourcecode.swift; path = HexPrefixedStringTests.swift; sourceTree = "<group>"; };
		584FAEA2A535B392091AA1B2 /* ConcatenatedBytesTests.swift */ = {isa = PBXFileReference; fileEncoding = 4; lastKnownFileType = sourcecode.swift; path = ConcatenatedBytesTests.swift; sourceTree = "<group>"; };
		584FAECE55D11B16B13F39A0 /* FixedLengthBytesTests.swift */ = {isa = PBXFileReference; fileEncoding = 4; lastKnownFileType = sourcecode.swift; path = FixedLengthBytesTests.swift; sourceTree = "<group>"; };
		584FAEE6AF0710F0878EDBF0 /* ABIDynamicCollectionTests.swift */ = {isa = PBXFileReference; fileEncoding = 4; lastKnownFileType = sourcecode.swift; path = ABIDynamicCollectionTests.swift; sourceTree = "<group>"; };
		584FAF2C54B1C4EDEBE80863 /* ABITupleTests.swift */ = {isa = PBXFileReference; fileEncoding = 4; lastKnownFileType = sourcecode.swift; path = ABITupleTests.swift; sourceTree = "<group>"; };
		584FAF575C27A0C5582EE1F6 /* BigEndianNumberUIntTests.swift */ = {isa = PBXFileReference; fileEncoding = 4; lastKnownFileType = sourcecode.swift; path = BigEndianNumberUIntTests.swift; sourceTree = "<group>"; };
		584FAF93BD185C4B03317BD5 /* ABIAddressTests.swift */ = {isa = PBXFileReference; fileEncoding = 4; lastKnownFileType = sourcecode.swift; path = ABIAddressTests.swift; sourceTree = "<group>"; };
		584FAFABC7894A1043564BE3 /* EthPrivateKeyTests.swift */ = {isa = PBXFileReference; fileEncoding = 4; lastKnownFileType = sourcecode.swift; path = EthPrivateKeyTests.swift; sourceTree = "<group>"; };
		584FAFC4DFD37E513B7E286C /* GetTransactionsCountProcedureTests.swift */ = {isa = PBXFileReference; fileEncoding = 4; lastKnownFileType = sourcecode.swift; path = GetTransactionsCountProcedureTests.swift; sourceTree = "<group>"; };
		607FACD01AFB9204008FA782 /* Web3Swift_Example.app */ = {isa = PBXFileReference; explicitFileType = wrapper.application; includeInIndex = 0; path = Web3Swift_Example.app; sourceTree = BUILT_PRODUCTS_DIR; };
		607FACD41AFB9204008FA782 /* Info.plist */ = {isa = PBXFileReference; lastKnownFileType = text.plist.xml; path = Info.plist; sourceTree = "<group>"; };
		607FACD51AFB9204008FA782 /* AppDelegate.swift */ = {isa = PBXFileReference; lastKnownFileType = sourcecode.swift; path = AppDelegate.swift; sourceTree = "<group>"; };
		607FACD71AFB9204008FA782 /* ViewController.swift */ = {isa = PBXFileReference; lastKnownFileType = sourcecode.swift; path = ViewController.swift; sourceTree = "<group>"; };
		607FACDA1AFB9204008FA782 /* Base */ = {isa = PBXFileReference; lastKnownFileType = file.storyboard; name = Base; path = Base.lproj/Main.storyboard; sourceTree = "<group>"; };
		607FACDC1AFB9204008FA782 /* Images.xcassets */ = {isa = PBXFileReference; lastKnownFileType = folder.assetcatalog; path = Images.xcassets; sourceTree = "<group>"; };
		607FACDF1AFB9204008FA782 /* Base */ = {isa = PBXFileReference; lastKnownFileType = file.xib; name = Base; path = Base.lproj/LaunchScreen.xib; sourceTree = "<group>"; };
		607FACE51AFB9204008FA782 /* Web3Swift_Tests.xctest */ = {isa = PBXFileReference; explicitFileType = wrapper.cfbundle; includeInIndex = 0; path = Web3Swift_Tests.xctest; sourceTree = BUILT_PRODUCTS_DIR; };
		607FACEA1AFB9204008FA782 /* Info.plist */ = {isa = PBXFileReference; lastKnownFileType = text.plist.xml; path = Info.plist; sourceTree = "<group>"; };
		8C748B8E20407AF100F40AF9 /* ObjectParameterTests.swift */ = {isa = PBXFileReference; lastKnownFileType = sourcecode.swift; path = ObjectParameterTests.swift; sourceTree = "<group>"; };
		8C748B9220407E1800F40AF9 /* GethNetworkTests.swift */ = {isa = PBXFileReference; lastKnownFileType = sourcecode.swift; path = GethNetworkTests.swift; sourceTree = "<group>"; };
		8C748B942040848B00F40AF9 /* SimpleNetworkTests.swift */ = {isa = PBXFileReference; lastKnownFileType = sourcecode.swift; path = SimpleNetworkTests.swift; sourceTree = "<group>"; };
		8C748B9620408A4800F40AF9 /* InfuraNetworkTests.swift */ = {isa = PBXFileReference; lastKnownFileType = sourcecode.swift; path = InfuraNetworkTests.swift; sourceTree = "<group>"; };
		8C77B9E7203DAF320097DE61 /* EthAddressTests.swift */ = {isa = PBXFileReference; lastKnownFileType = sourcecode.swift; path = EthAddressTests.swift; sourceTree = "<group>"; };
		8C77B9F2203DC77A0097DE61 /* BytesParameterTests.swift */ = {isa = PBXFileReference; lastKnownFileType = sourcecode.swift; path = BytesParameterTests.swift; sourceTree = "<group>"; };
		8C77B9F4203DC9340097DE61 /* BooleanParameterTests.swift */ = {isa = PBXFileReference; lastKnownFileType = sourcecode.swift; path = BooleanParameterTests.swift; sourceTree = "<group>"; };
		8C77B9F8203DCA220097DE61 /* QuantityParameterTests.swift */ = {isa = PBXFileReference; lastKnownFileType = sourcecode.swift; path = QuantityParameterTests.swift; sourceTree = "<group>"; };
		8D3D6BEF8030D59C6F4A15FB /* Pods_Web3Swift_Tests.framework */ = {isa = PBXFileReference; explicitFileType = wrapper.framework; includeInIndex = 0; path = Pods_Web3Swift_Tests.framework; sourceTree = BUILT_PRODUCTS_DIR; };
		D6D1308587140D3019CBC0F5 /* README.md */ = {isa = PBXFileReference; includeInIndex = 1; lastKnownFileType = net.daringfireball.markdown; name = README.md; path = ../README.md; sourceTree = "<group>"; };
		EF31EFC3250D5A7EF77E859E /* Pods-Web3Swift_Example.debug.xcconfig */ = {isa = PBXFileReference; includeInIndex = 1; lastKnownFileType = text.xcconfig; name = "Pods-Web3Swift_Example.debug.xcconfig"; path = "Pods/Target Support Files/Pods-Web3Swift_Example/Pods-Web3Swift_Example.debug.xcconfig"; sourceTree = "<group>"; };
		F31007316603078343330134 /* Pods_Web3Swift_Example.framework */ = {isa = PBXFileReference; explicitFileType = wrapper.framework; includeInIndex = 0; path = Pods_Web3Swift_Example.framework; sourceTree = BUILT_PRODUCTS_DIR; };
		F63B257E71ACEC57197C6918 /* Pods-Web3Swift_Tests.debug.xcconfig */ = {isa = PBXFileReference; includeInIndex = 1; lastKnownFileType = text.xcconfig; name = "Pods-Web3Swift_Tests.debug.xcconfig"; path = "Pods/Target Support Files/Pods-Web3Swift_Tests/Pods-Web3Swift_Tests.debug.xcconfig"; sourceTree = "<group>"; };
/* End PBXFileReference section */

/* Begin PBXFrameworksBuildPhase section */
		607FACCD1AFB9204008FA782 /* Frameworks */ = {
			isa = PBXFrameworksBuildPhase;
			buildActionMask = 2147483647;
			files = (
				94831128426593F56EE4BCAF /* Pods_Web3Swift_Example.framework in Frameworks */,
			);
			runOnlyForDeploymentPostprocessing = 0;
		};
		607FACE21AFB9204008FA782 /* Frameworks */ = {
			isa = PBXFrameworksBuildPhase;
			buildActionMask = 2147483647;
			files = (
				179920E6147A7C94464EBBDE /* Pods_Web3Swift_Tests.framework in Frameworks */,
			);
			runOnlyForDeploymentPostprocessing = 0;
		};
/* End PBXFrameworksBuildPhase section */

/* Begin PBXGroup section */
		50C3ECB5548832459AC51D59 /* Pods */ = {
			isa = PBXGroup;
			children = (
				EF31EFC3250D5A7EF77E859E /* Pods-Web3Swift_Example.debug.xcconfig */,
				17A034A484746115F55C4602 /* Pods-Web3Swift_Example.release.xcconfig */,
				F63B257E71ACEC57197C6918 /* Pods-Web3Swift_Tests.debug.xcconfig */,
				1683BBDF32FA87183DA47238 /* Pods-Web3Swift_Tests.release.xcconfig */,
			);
			name = Pods;
			sourceTree = "<group>";
		};
		584FA0CB7635867A39963748 /* Errors */ = {
			isa = PBXGroup;
			children = (
			);
			path = Errors;
			sourceTree = "<group>";
		};
		584FA1CF848A0F456637AA1A /* Collection */ = {
			isa = PBXGroup;
			children = (
				584FA0226149AA277B0AE608 /* CollectionSingleTests.swift */,
			);
			path = Collection;
			sourceTree = "<group>";
		};
		584FA25211AC8EDFB1E3D317 /* Network */ = {
			isa = PBXGroup;
			children = (
				8C748B9220407E1800F40AF9 /* GethNetworkTests.swift */,
				8C748B942040848B00F40AF9 /* SimpleNetworkTests.swift */,
				8C748B9620408A4800F40AF9 /* InfuraNetworkTests.swift */,
				584FA10372E81BD021BBE091 /* GanacheLocalNetworkTests.swift */,
				584FAC3ECB551AEEC8ABD750 /* MainnetInfuraMetamaskNetworkTests.swift */,
			);
			path = Network;
			sourceTree = "<group>";
		};
		584FA431C5FB1CCD52745943 /* TransactionBytes */ = {
			isa = PBXGroup;
			children = (
				584FAD5006DB62AA3B5BF1D0 /* EthTransactionBytesTests.swift */,
				584FAA96E69D042148CE79CE /* EthDirectTransactionBytesTests.swift */,
				584FADA6E364EE1FB2ACF6D5 /* EthContractCreationBytesTests.swift */,
				584FA9D0D639D3F5E5025055 /* ContractDeploymentAndCallIT.swift */,
			);
			path = TransactionBytes;
			sourceTree = "<group>";
		};
		584FA47F02767864535279C3 /* GasPrice */ = {
			isa = PBXGroup;
			children = (
				584FA38F8C473B2FD090FFCA /* EthGasPriceTests.swift */,
			);
			path = GasPrice;
			sourceTree = "<group>";
		};
		584FA4C0A535BA6627AEB4B7 /* Transaction */ = {
			isa = PBXGroup;
			children = (
				584FA90D66527DCFCE518E9C /* EthTransactionIT.swift */,
			);
			path = Transaction;
			sourceTree = "<group>";
		};
		584FA570513D0B01E7E12749 /* Transactions */ = {
			isa = PBXGroup;
			children = (
				584FAE325995A0ABA7A8A643 /* EthTransactionsTests.swift */,
			);
			path = Transactions;
			sourceTree = "<group>";
		};
		584FA5755E50977034170870 /* Actors */ = {
			isa = PBXGroup;
			children = (
			);
			path = Actors;
			sourceTree = "<group>";
		};
		584FA60EFCE14F0780FD437B /* ABI */ = {
			isa = PBXGroup;
			children = (
				584FAC76DDB015EC3F5212DE /* EncodedABIFunctionTests.swift */,
				584FAF3B7FD83C75499E9270 /* Parameters */,
				584FA7F0A2C068EA931B3E40 /* EncodedABITupleTests.swift */,
				584FA3A32F07F98B84AEC25E /* EncodedContractTests.swift */,
			);
			path = ABI;
			sourceTree = "<group>";
		};
		584FA63C1CDF4870C34BF6B8 /* BigEndianCompactNumber */ = {
			isa = PBXGroup;
			children = (
				584FAD7F8C311AD4D83C015D /* BigEndianCompactNumberTests.swift */,
			);
			path = BigEndianCompactNumber;
			sourceTree = "<group>";
		};
		584FA64570984CF2A40AF835 /* Procedures */ = {
			isa = PBXGroup;
			children = (
				584FAFC4DFD37E513B7E286C /* GetTransactionsCountProcedureTests.swift */,
				584FA8BDDA8B4B1DF68FA7AA /* ChainIDProcedureTests.swift */,
				584FACF870DFF799329F558F /* GetGasPriceProcedureTests.swift */,
				584FA4CA2C3E830CA0CAF980 /* EstimateGasProcedureTests.swift */,
				584FA39CA2D6FCF228B88B86 /* TransactionReceiptProcedureTests.swift */,
				584FA7F7CE27DE3BEFB66E6C /* ContractCallProcedureTests.swift */,
				584FAA6C3F107CDBD93BAFB1 /* VerifiedProcedureTests.swift */,
			);
			path = Procedures;
			sourceTree = "<group>";
		};
		584FA69C4FB6C3320C6C30C7 /* Actors */ = {
			isa = PBXGroup;
			children = (
				584FA59C4A88A66CD1D2A635 /* Actor.swift */,
				584FA32C3C58D34E4DC7B529 /* Alice.swift */,
				584FABD6C80EED70D4F25F55 /* Bob.swift */,
				584FA5956573371EC7076EB8 /* Tim.swift */,
				584FAC94BEC3EAEC8EDCD1DA /* SimpleActor.swift */,
			);
			path = Actors;
			sourceTree = "<group>";
		};
		584FA6C3E836F74DAE45A0A4 /* Networks */ = {
			isa = PBXGroup;
			children = (
				584FA888EDFB99F27887D65B /* GanacheLocalNetwork.swift */,
				584FA742AE71D7A00EE214B0 /* MainnetInfuraMetamaskNetwork.swift */,
			);
			path = Networks;
			sourceTree = "<group>";
		};
		584FA71CD28EA64EC86A73DE /* Entropy */ = {
			isa = PBXGroup;
			children = (
				584FAB47440D3CE3C6ED0684 /* RandomNonceTests.swift */,
			);
			path = Entropy;
			sourceTree = "<group>";
		};
		584FA7594A5B6ACEE1F669C4 /* ECRecoverableSignature */ = {
			isa = PBXGroup;
			children = (
				584FA147B4074725F6630283 /* SECP256k1SignatureTests.swift */,
			);
			path = ECRecoverableSignature;
			sourceTree = "<group>";
		};
		584FA7FDA8ECE17E99DE5A4D /* Other */ = {
			isa = PBXGroup;
			children = (
				584FA6C98ECA780456027E15 /* ByteWidthTests.swift */,
			);
			path = Other;
			sourceTree = "<group>";
		};
		584FA80309A0661BF7BCE0BA /* GasEstimate */ = {
			isa = PBXGroup;
			children = (
				584FAC3714986BAFD48E092D /* EthGasEstimateTests.swift */,
			);
			path = GasEstimate;
			sourceTree = "<group>";
		};
		584FA85052E815BD96E46069 /* StringScalar */ = {
			isa = PBXGroup;
			children = (
				584FA9721120A205A9959167 /* HexStringTests.swift */,
				584FAD359591DA1D23533A0D /* PrefixedHexStringTests.swift */,
				584FADD609CFD3D1B146EA9A /* TrimmedPrefixStringTests.swift */,
				584FAC6B00D3D216834AA0F9 /* UnprefixedHexStringTests.swift */,
				584FA3ACF247722B05D563C4 /* HexPrefixTests.swift */,
				584FAE5CF87E621257F15405 /* HexPrefixedStringTests.swift */,
				584FA1322EE0360321406074 /* PrefixedStringTests.swift */,
			);
			path = StringScalar;
			sourceTree = "<group>";
		};
		584FA870FDEF4D2CD5714136 /* PrivateKey */ = {
			isa = PBXGroup;
			children = (
				584FAFABC7894A1043564BE3 /* EthPrivateKeyTests.swift */,
			);
			path = PrivateKey;
			sourceTree = "<group>";
		};
		584FA87EA28B234165C1C136 /* BytesScalar */ = {
			isa = PBXGroup;
			children = (
				584FAAEB7FCC55D0DED15A42 /* BytesFromCompactHexStringTests.swift */,
				584FA82FCF5FAF36C735DEA7 /* BytesFromHexStringTests.swift */,
				584FAEA2A535B392091AA1B2 /* ConcatenatedBytesTests.swift */,
				584FAECE55D11B16B13F39A0 /* FixedLengthBytesTests.swift */,
				584FAE4F0D7A5BD3C3484ACC /* IntegerBytesTests.swift */,
				584FA05EFE4DB2A85EFA494B /* LeadingCompactBytesTests.swift */,
				584FAABDE4B44E4D79747126 /* UTF8StringBytesTests.swift */,
				584FAC17EC066058E7D20BE2 /* CachedBytesTests.swift */,
				584FAA67F0C1C9448CD094F8 /* RightZeroesPaddedBytesTests.swift */,
				584FA84177D99BD8D49055C2 /* LeftZeroesPaddedBytesTests.swift */,
				584FA16075964EA60013B3F6 /* Keccak256BytesTests.swift */,
				584FA5BD2B0C045282F233FE /* ASCIIStringBytesTests.swift */,
				584FADA4B17A275E320F82F7 /* FirstBytesTests.swift */,
				584FA7297F773191C9C38F22 /* LastBytesTests.swift */,
			);
			path = BytesScalar;
			sourceTree = "<group>";
		};
		584FA89128F880D600014D5C /* Account */ = {
			isa = PBXGroup;
			children = (
				584FA15466E980BC9B309CE9 /* EthAutoAccountIT.swift */,
			);
			path = Account;
			sourceTree = "<group>";
		};
		584FA8F99985AF23201B4D1A /* TransactionReceipt */ = {
			isa = PBXGroup;
			children = (
				584FAD790B58E8D51D497101 /* EthTransactionReceiptIT.swift */,
			);
			path = TransactionReceipt;
			sourceTree = "<group>";
		};
		584FA958B15E7FA47561405D /* BigEndianNumber */ = {
			isa = PBXGroup;
			children = (
				584FAF575C27A0C5582EE1F6 /* BigEndianNumberUIntTests.swift */,
				584FA5CA61C28B8797336539 /* BigEndianNumberHexTests.swift */,
			);
			path = BigEndianNumber;
			sourceTree = "<group>";
		};
		584FAAB7A1467E5512346177 /* RLP */ = {
			isa = PBXGroup;
			children = (
				584FACC5A38F59EE5FCD2BC7 /* RLPTests.swift */,
				584FAAFBCBF4F2230595455E /* EthRLPTests.swift */,
			);
			path = RLP;
			sourceTree = "<group>";
		};
		584FAB8A4A2E83022FEA8491 /* JSON */ = {
			isa = PBXGroup;
			children = (
				584FA9049076A62873C3412B /* JSONTypeErrorTests.swift */,
			);
			path = JSON;
			sourceTree = "<group>";
		};
		584FAC786109413F2D9921CE /* Extensions */ = {
			isa = PBXGroup;
			children = (
				584FA82731B90F65C00992E6 /* URL.swift */,
			);
			path = Extensions;
			sourceTree = "<group>";
		};
		584FACC939541AC8126A9806 /* TransactionHash */ = {
			isa = PBXGroup;
			children = (
				584FA4208C30EBB90E274EC4 /* EthTransactionHashIT.swift */,
			);
			path = TransactionHash;
			sourceTree = "<group>";
		};
		584FAF3B7FD83C75499E9270 /* Parameters */ = {
			isa = PBXGroup;
			children = (
				584FA32826DDDE0AB5001233 /* ABIFixedBytesTests.swift */,
				584FAEE6AF0710F0878EDBF0 /* ABIDynamicCollectionTests.swift */,
				584FAF2C54B1C4EDEBE80863 /* ABITupleTests.swift */,
				584FABB9267835054003EE2F /* ABIVariableBytesTests.swift */,
				584FAF93BD185C4B03317BD5 /* ABIAddressTests.swift */,
				584FABBF9163CBAF753DBB21 /* ABIUnsignedNumberTests.swift */,
				584FA0257DA6DB8683BE821C /* ABIBooleanTests.swift */,
				584FA305C163C5CDB50AFBA2 /* ABIStringTests.swift */,
			);
			path = Parameters;
			sourceTree = "<group>";
		};
		584FAF826D879758594EBF0B /* NumberScalar */ = {
			isa = PBXGroup;
			children = (
				584FA958B15E7FA47561405D /* BigEndianNumber */,
				584FA63C1CDF4870C34BF6B8 /* BigEndianCompactNumber */,
				584FA6A977436ED13112AD8C /* CachedNumberTests.swift */,
			);
			path = NumberScalar;
			sourceTree = "<group>";
		};
		607FACC71AFB9204008FA782 = {
			isa = PBXGroup;
			children = (
				607FACF51AFB993E008FA782 /* Podspec Metadata */,
				607FACD21AFB9204008FA782 /* Example for Web3Swift */,
				607FACE81AFB9204008FA782 /* Tests */,
				607FACD11AFB9204008FA782 /* Products */,
				50C3ECB5548832459AC51D59 /* Pods */,
				B8B89B3A7E7096470B1FDD04 /* Frameworks */,
				584FAC786109413F2D9921CE /* Extensions */,
				584FA69C4FB6C3320C6C30C7 /* Actors */,
				584FA6C3E836F74DAE45A0A4 /* Networks */,
				584FA0CB7635867A39963748 /* Errors */,
			);
			sourceTree = "<group>";
		};
		607FACD11AFB9204008FA782 /* Products */ = {
			isa = PBXGroup;
			children = (
				607FACD01AFB9204008FA782 /* Web3Swift_Example.app */,
				607FACE51AFB9204008FA782 /* Web3Swift_Tests.xctest */,
			);
			name = Products;
			sourceTree = "<group>";
		};
		607FACD21AFB9204008FA782 /* Example for Web3Swift */ = {
			isa = PBXGroup;
			children = (
				607FACD51AFB9204008FA782 /* AppDelegate.swift */,
				607FACD71AFB9204008FA782 /* ViewController.swift */,
				607FACD91AFB9204008FA782 /* Main.storyboard */,
				607FACDC1AFB9204008FA782 /* Images.xcassets */,
				607FACDE1AFB9204008FA782 /* LaunchScreen.xib */,
				607FACD31AFB9204008FA782 /* Supporting Files */,
			);
			name = "Example for Web3Swift";
			path = Web3Swift;
			sourceTree = "<group>";
		};
		607FACD31AFB9204008FA782 /* Supporting Files */ = {
			isa = PBXGroup;
			children = (
				607FACD41AFB9204008FA782 /* Info.plist */,
			);
			name = "Supporting Files";
			sourceTree = "<group>";
		};
		607FACE81AFB9204008FA782 /* Tests */ = {
			isa = PBXGroup;
			children = (
				8C77B9F1203DC75D0097DE61 /* Params */,
				8C77B9E6203DAF0F0097DE61 /* Address */,
				607FACE91AFB9204008FA782 /* Supporting Files */,
				584FA64570984CF2A40AF835 /* Procedures */,
				584FA25211AC8EDFB1E3D317 /* Network */,
				584FA570513D0B01E7E12749 /* Transactions */,
				584FAAB7A1467E5512346177 /* RLP */,
				584FA71CD28EA64EC86A73DE /* Entropy */,
				584FA7FDA8ECE17E99DE5A4D /* Other */,
				584FA7594A5B6ACEE1F669C4 /* ECRecoverableSignature */,
				584FAF826D879758594EBF0B /* NumberScalar */,
				584FA870FDEF4D2CD5714136 /* PrivateKey */,
				584FA87EA28B234165C1C136 /* BytesScalar */,
				584FA1CF848A0F456637AA1A /* Collection */,
				584FA85052E815BD96E46069 /* StringScalar */,
				584FA47F02767864535279C3 /* GasPrice */,
				584FA80309A0661BF7BCE0BA /* GasEstimate */,
				584FAB8A4A2E83022FEA8491 /* JSON */,
				584FA89128F880D600014D5C /* Account */,
				584FA4C0A535BA6627AEB4B7 /* Transaction */,
				584FACC939541AC8126A9806 /* TransactionHash */,
				584FA8F99985AF23201B4D1A /* TransactionReceipt */,
				584FA60EFCE14F0780FD437B /* ABI */,
				584FA431C5FB1CCD52745943 /* TransactionBytes */,
				584FA5755E50977034170870 /* Actors */,
			);
			path = Tests;
			sourceTree = "<group>";
		};
		607FACE91AFB9204008FA782 /* Supporting Files */ = {
			isa = PBXGroup;
			children = (
				607FACEA1AFB9204008FA782 /* Info.plist */,
			);
			name = "Supporting Files";
			sourceTree = "<group>";
		};
		607FACF51AFB993E008FA782 /* Podspec Metadata */ = {
			isa = PBXGroup;
			children = (
				2F320EB26501545845D58F10 /* Web3Swift.podspec */,
				D6D1308587140D3019CBC0F5 /* README.md */,
				343D350F5D884606EEA5C913 /* LICENSE */,
			);
			name = "Podspec Metadata";
			sourceTree = "<group>";
		};
		8C77B9E6203DAF0F0097DE61 /* Address */ = {
			isa = PBXGroup;
			children = (
				8C77B9E7203DAF320097DE61 /* EthAddressTests.swift */,
				584FA46642A33BD30B8FCD2A /* ComputedContractAddressTests.swift */,
			);
			path = Address;
			sourceTree = "<group>";
		};
		8C77B9F1203DC75D0097DE61 /* Params */ = {
			isa = PBXGroup;
			children = (
				8C77B9F2203DC77A0097DE61 /* BytesParameterTests.swift */,
				8C77B9F4203DC9340097DE61 /* BooleanParameterTests.swift */,
				8C77B9F8203DCA220097DE61 /* QuantityParameterTests.swift */,
				8C748B8E20407AF100F40AF9 /* ObjectParameterTests.swift */,
			);
			path = Params;
			sourceTree = "<group>";
		};
		B8B89B3A7E7096470B1FDD04 /* Frameworks */ = {
			isa = PBXGroup;
			children = (
				F31007316603078343330134 /* Pods_Web3Swift_Example.framework */,
				8D3D6BEF8030D59C6F4A15FB /* Pods_Web3Swift_Tests.framework */,
			);
			name = Frameworks;
			sourceTree = "<group>";
		};
/* End PBXGroup section */

/* Begin PBXNativeTarget section */
		607FACCF1AFB9204008FA782 /* Web3Swift_Example */ = {
			isa = PBXNativeTarget;
			buildConfigurationList = 607FACEF1AFB9204008FA782 /* Build configuration list for PBXNativeTarget "Web3Swift_Example" */;
			buildPhases = (
				7D2C3471C79726BC75FFBF08 /* [CP] Check Pods Manifest.lock */,
				607FACCC1AFB9204008FA782 /* Sources */,
				607FACCD1AFB9204008FA782 /* Frameworks */,
				607FACCE1AFB9204008FA782 /* Resources */,
				EBB6B6BA4C731E232BDF097E /* [CP] Embed Pods Frameworks */,
				03DF536FB09CC228AFF589E8 /* [CP] Copy Pods Resources */,
				96C55DCE203C61A300F7B8B3 /* ShellScript */,
			);
			buildRules = (
			);
			dependencies = (
			);
			name = Web3Swift_Example;
			productName = Web3Swift;
			productReference = 607FACD01AFB9204008FA782 /* Web3Swift_Example.app */;
			productType = "com.apple.product-type.application";
		};
		607FACE41AFB9204008FA782 /* Web3Swift_Tests */ = {
			isa = PBXNativeTarget;
			buildConfigurationList = 607FACF21AFB9204008FA782 /* Build configuration list for PBXNativeTarget "Web3Swift_Tests" */;
			buildPhases = (
				D0ECBA0FCDB34E08A91BF630 /* [CP] Check Pods Manifest.lock */,
				607FACE11AFB9204008FA782 /* Sources */,
				607FACE21AFB9204008FA782 /* Frameworks */,
				607FACE31AFB9204008FA782 /* Resources */,
				6614058F101887C8832107D8 /* [CP] Embed Pods Frameworks */,
				55BC1A45B4B811FB26B4C303 /* [CP] Copy Pods Resources */,
				96C55DCF203C64CF00F7B8B3 /* ShellScript */,
			);
			buildRules = (
			);
			dependencies = (
				607FACE71AFB9204008FA782 /* PBXTargetDependency */,
			);
			name = Web3Swift_Tests;
			productName = Tests;
			productReference = 607FACE51AFB9204008FA782 /* Web3Swift_Tests.xctest */;
			productType = "com.apple.product-type.bundle.unit-test";
		};
/* End PBXNativeTarget section */

/* Begin PBXProject section */
		607FACC81AFB9204008FA782 /* Project object */ = {
			isa = PBXProject;
			attributes = {
				LastSwiftUpdateCheck = 0830;
				LastUpgradeCheck = 0830;
				ORGANIZATIONNAME = CocoaPods;
				TargetAttributes = {
					607FACCF1AFB9204008FA782 = {
						CreatedOnToolsVersion = 6.3.1;
						LastSwiftMigration = 0900;
					};
					607FACE41AFB9204008FA782 = {
						CreatedOnToolsVersion = 6.3.1;
						LastSwiftMigration = 0900;
						TestTargetID = 607FACCF1AFB9204008FA782;
					};
				};
			};
			buildConfigurationList = 607FACCB1AFB9204008FA782 /* Build configuration list for PBXProject "Web3Swift" */;
			compatibilityVersion = "Xcode 3.2";
			developmentRegion = English;
			hasScannedForEncodings = 0;
			knownRegions = (
				en,
				Base,
			);
			mainGroup = 607FACC71AFB9204008FA782;
			productRefGroup = 607FACD11AFB9204008FA782 /* Products */;
			projectDirPath = "";
			projectRoot = "";
			targets = (
				607FACCF1AFB9204008FA782 /* Web3Swift_Example */,
				607FACE41AFB9204008FA782 /* Web3Swift_Tests */,
			);
		};
/* End PBXProject section */

/* Begin PBXResourcesBuildPhase section */
		607FACCE1AFB9204008FA782 /* Resources */ = {
			isa = PBXResourcesBuildPhase;
			buildActionMask = 2147483647;
			files = (
				607FACDB1AFB9204008FA782 /* Main.storyboard in Resources */,
				607FACE01AFB9204008FA782 /* LaunchScreen.xib in Resources */,
				607FACDD1AFB9204008FA782 /* Images.xcassets in Resources */,
			);
			runOnlyForDeploymentPostprocessing = 0;
		};
		607FACE31AFB9204008FA782 /* Resources */ = {
			isa = PBXResourcesBuildPhase;
			buildActionMask = 2147483647;
			files = (
			);
			runOnlyForDeploymentPostprocessing = 0;
		};
/* End PBXResourcesBuildPhase section */

/* Begin PBXShellScriptBuildPhase section */
		03DF536FB09CC228AFF589E8 /* [CP] Copy Pods Resources */ = {
			isa = PBXShellScriptBuildPhase;
			buildActionMask = 2147483647;
			files = (
			);
			inputPaths = (
			);
			name = "[CP] Copy Pods Resources";
			outputPaths = (
			);
			runOnlyForDeploymentPostprocessing = 0;
			shellPath = /bin/sh;
			shellScript = "\"${SRCROOT}/Pods/Target Support Files/Pods-Web3Swift_Example/Pods-Web3Swift_Example-resources.sh\"\n";
			showEnvVarsInLog = 0;
		};
		55BC1A45B4B811FB26B4C303 /* [CP] Copy Pods Resources */ = {
			isa = PBXShellScriptBuildPhase;
			buildActionMask = 2147483647;
			files = (
			);
			inputPaths = (
			);
			name = "[CP] Copy Pods Resources";
			outputPaths = (
			);
			runOnlyForDeploymentPostprocessing = 0;
			shellPath = /bin/sh;
			shellScript = "\"${SRCROOT}/Pods/Target Support Files/Pods-Web3Swift_Tests/Pods-Web3Swift_Tests-resources.sh\"\n";
			showEnvVarsInLog = 0;
		};
		6614058F101887C8832107D8 /* [CP] Embed Pods Frameworks */ = {
			isa = PBXShellScriptBuildPhase;
			buildActionMask = 2147483647;
			files = (
			);
			inputPaths = (
				"${SRCROOT}/Pods/Target Support Files/Pods-Web3Swift_Tests/Pods-Web3Swift_Tests-frameworks.sh",
				"${BUILT_PRODUCTS_DIR}/CryptoSwift/CryptoSwift.framework",
				"${BUILT_PRODUCTS_DIR}/SwiftyJSON/SwiftyJSON.framework",
				"${BUILT_PRODUCTS_DIR}/Web3Swift/Web3Swift.framework",
				"${BUILT_PRODUCTS_DIR}/secp256k1_ios/secp256k1_ios.framework",
				"${BUILT_PRODUCTS_DIR}/Nimble/Nimble.framework",
				"${BUILT_PRODUCTS_DIR}/Quick/Quick.framework",
			);
			name = "[CP] Embed Pods Frameworks";
			outputPaths = (
				"${TARGET_BUILD_DIR}/${FRAMEWORKS_FOLDER_PATH}/CryptoSwift.framework",
				"${TARGET_BUILD_DIR}/${FRAMEWORKS_FOLDER_PATH}/SwiftyJSON.framework",
				"${TARGET_BUILD_DIR}/${FRAMEWORKS_FOLDER_PATH}/Web3Swift.framework",
				"${TARGET_BUILD_DIR}/${FRAMEWORKS_FOLDER_PATH}/secp256k1_ios.framework",
				"${TARGET_BUILD_DIR}/${FRAMEWORKS_FOLDER_PATH}/Nimble.framework",
				"${TARGET_BUILD_DIR}/${FRAMEWORKS_FOLDER_PATH}/Quick.framework",
			);
			runOnlyForDeploymentPostprocessing = 0;
			shellPath = /bin/sh;
			shellScript = "\"${SRCROOT}/Pods/Target Support Files/Pods-Web3Swift_Tests/Pods-Web3Swift_Tests-frameworks.sh\"\n";
			showEnvVarsInLog = 0;
		};
		7D2C3471C79726BC75FFBF08 /* [CP] Check Pods Manifest.lock */ = {
			isa = PBXShellScriptBuildPhase;
			buildActionMask = 2147483647;
			files = (
			);
			inputPaths = (
				"${PODS_PODFILE_DIR_PATH}/Podfile.lock",
				"${PODS_ROOT}/Manifest.lock",
			);
			name = "[CP] Check Pods Manifest.lock";
			outputPaths = (
				"$(DERIVED_FILE_DIR)/Pods-Web3Swift_Example-checkManifestLockResult.txt",
			);
			runOnlyForDeploymentPostprocessing = 0;
			shellPath = /bin/sh;
			shellScript = "diff \"${PODS_PODFILE_DIR_PATH}/Podfile.lock\" \"${PODS_ROOT}/Manifest.lock\" > /dev/null\nif [ $? != 0 ] ; then\n    # print error to STDERR\n    echo \"error: The sandbox is not in sync with the Podfile.lock. Run 'pod install' or update your CocoaPods installation.\" >&2\n    exit 1\nfi\n# This output is used by Xcode 'outputs' to avoid re-running this script phase.\necho \"SUCCESS\" > \"${SCRIPT_OUTPUT_FILE_0}\"\n";
			showEnvVarsInLog = 0;
		};
		96C55DCE203C61A300F7B8B3 /* ShellScript */ = {
			isa = PBXShellScriptBuildPhase;
			buildActionMask = 2147483647;
			files = (
			);
			inputPaths = (
			);
			outputPaths = (
			);
			runOnlyForDeploymentPostprocessing = 0;
			shellPath = /bin/sh;
			shellScript = "${PODS_ROOT}/SwiftLint/swiftlint --path ../\n";
		};
		96C55DCF203C64CF00F7B8B3 /* ShellScript */ = {
			isa = PBXShellScriptBuildPhase;
			buildActionMask = 2147483647;
			files = (
			);
			inputPaths = (
			);
			outputPaths = (
			);
			runOnlyForDeploymentPostprocessing = 0;
			shellPath = /bin/sh;
			shellScript = "${PODS_ROOT}/SwiftLint/swiftlint --path ../";
		};
		D0ECBA0FCDB34E08A91BF630 /* [CP] Check Pods Manifest.lock */ = {
			isa = PBXShellScriptBuildPhase;
			buildActionMask = 2147483647;
			files = (
			);
			inputPaths = (
				"${PODS_PODFILE_DIR_PATH}/Podfile.lock",
				"${PODS_ROOT}/Manifest.lock",
			);
			name = "[CP] Check Pods Manifest.lock";
			outputPaths = (
				"$(DERIVED_FILE_DIR)/Pods-Web3Swift_Tests-checkManifestLockResult.txt",
			);
			runOnlyForDeploymentPostprocessing = 0;
			shellPath = /bin/sh;
			shellScript = "diff \"${PODS_PODFILE_DIR_PATH}/Podfile.lock\" \"${PODS_ROOT}/Manifest.lock\" > /dev/null\nif [ $? != 0 ] ; then\n    # print error to STDERR\n    echo \"error: The sandbox is not in sync with the Podfile.lock. Run 'pod install' or update your CocoaPods installation.\" >&2\n    exit 1\nfi\n# This output is used by Xcode 'outputs' to avoid re-running this script phase.\necho \"SUCCESS\" > \"${SCRIPT_OUTPUT_FILE_0}\"\n";
			showEnvVarsInLog = 0;
		};
		EBB6B6BA4C731E232BDF097E /* [CP] Embed Pods Frameworks */ = {
			isa = PBXShellScriptBuildPhase;
			buildActionMask = 2147483647;
			files = (
			);
			inputPaths = (
				"${SRCROOT}/Pods/Target Support Files/Pods-Web3Swift_Example/Pods-Web3Swift_Example-frameworks.sh",
				"${BUILT_PRODUCTS_DIR}/CryptoSwift/CryptoSwift.framework",
				"${BUILT_PRODUCTS_DIR}/SwiftyJSON/SwiftyJSON.framework",
				"${BUILT_PRODUCTS_DIR}/Web3Swift/Web3Swift.framework",
				"${BUILT_PRODUCTS_DIR}/secp256k1_ios/secp256k1_ios.framework",
			);
			name = "[CP] Embed Pods Frameworks";
			outputPaths = (
				"${TARGET_BUILD_DIR}/${FRAMEWORKS_FOLDER_PATH}/CryptoSwift.framework",
				"${TARGET_BUILD_DIR}/${FRAMEWORKS_FOLDER_PATH}/SwiftyJSON.framework",
				"${TARGET_BUILD_DIR}/${FRAMEWORKS_FOLDER_PATH}/Web3Swift.framework",
				"${TARGET_BUILD_DIR}/${FRAMEWORKS_FOLDER_PATH}/secp256k1_ios.framework",
			);
			runOnlyForDeploymentPostprocessing = 0;
			shellPath = /bin/sh;
			shellScript = "\"${SRCROOT}/Pods/Target Support Files/Pods-Web3Swift_Example/Pods-Web3Swift_Example-frameworks.sh\"\n";
			showEnvVarsInLog = 0;
		};
/* End PBXShellScriptBuildPhase section */

/* Begin PBXSourcesBuildPhase section */
		607FACCC1AFB9204008FA782 /* Sources */ = {
			isa = PBXSourcesBuildPhase;
			buildActionMask = 2147483647;
			files = (
				607FACD81AFB9204008FA782 /* ViewController.swift in Sources */,
				607FACD61AFB9204008FA782 /* AppDelegate.swift in Sources */,
			);
			runOnlyForDeploymentPostprocessing = 0;
		};
		607FACE11AFB9204008FA782 /* Sources */ = {
			isa = PBXSourcesBuildPhase;
			buildActionMask = 2147483647;
			files = (
				8C748B8F20407AF100F40AF9 /* ObjectParameterTests.swift in Sources */,
				8C77B9F9203DCA220097DE61 /* QuantityParameterTests.swift in Sources */,
				8C748B952040848B00F40AF9 /* SimpleNetworkTests.swift in Sources */,
				8C77B9F3203DC77A0097DE61 /* BytesParameterTests.swift in Sources */,
				584FA1D30FE97BD70FAD9117 /* GetTransactionsCountProcedureTests.swift in Sources */,
				8C77B9F5203DC9340097DE61 /* BooleanParameterTests.swift in Sources */,
				584FAD3793AFB655815DBBA6 /* ChainIDProcedureTests.swift in Sources */,
				584FAA14203BE4FA51BD4A13 /* GetGasPriceProcedureTests.swift in Sources */,
				584FA9DBA01B7EAE9EC1021B /* EthTransactionsTests.swift in Sources */,
				584FA848F23C434B6D50B7C3 /* RLPTests.swift in Sources */,
				584FACDDE9E98EDA9C414EF6 /* RandomNonceTests.swift in Sources */,
				584FA27299B5C54E558E6355 /* ByteWidthTests.swift in Sources */,
				8C748B9320407E1800F40AF9 /* GethNetworkTests.swift in Sources */,
				8C77B9E8203DAF320097DE61 /* EthAddressTests.swift in Sources */,
				8C748B9720408A4800F40AF9 /* InfuraNetworkTests.swift in Sources */,
				584FA538B1B4B38D0AD9D0C9 /* SECP256k1SignatureTests.swift in Sources */,
				584FACEC7F5AD9060590ED93 /* URL.swift in Sources */,
				584FAC63F128D0FD1C832A17 /* EthPrivateKeyTests.swift in Sources */,
				584FA1A012191D2A54C91613 /* BytesFromCompactHexStringTests.swift in Sources */,
				584FA7EFE57C0E816D2A22FE /* BytesFromHexStringTests.swift in Sources */,
				584FAED8755DD6F0E88C6D04 /* ConcatenatedBytesTests.swift in Sources */,
				584FA29BFE13850E334AEE11 /* FixedLengthBytesTests.swift in Sources */,
				584FA1AA2BED7032494BFE8F /* IntegerBytesTests.swift in Sources */,
				584FA0A1656975E37C890523 /* LeadingCompactBytesTests.swift in Sources */,
				584FA9C3714F513ECEEF42B6 /* UTF8StringBytesTests.swift in Sources */,
				584FAAD68EA651E9A9AC005A /* CollectionSingleTests.swift in Sources */,
				584FA007F1C9FE25106C2335 /* BigEndianNumberUIntTests.swift in Sources */,
				584FA3967DDC46A750CA7847 /* BigEndianNumberHexTests.swift in Sources */,
				584FA9AF9A23FA952F4A0878 /* BigEndianCompactNumberTests.swift in Sources */,
				584FAA357B56038EF5C83C01 /* HexStringTests.swift in Sources */,
				584FA474A83B20483AA3865A /* PrefixedHexStringTests.swift in Sources */,
				584FAEA6A4077131C889E840 /* TrimmedPrefixStringTests.swift in Sources */,
				584FA80F75A83DCF7A6C971B /* UnprefixedHexStringTests.swift in Sources */,
				584FA0A7CF0EBB0B9AAD344A /* HexPrefixTests.swift in Sources */,
				584FA1F986D1B7764655DC75 /* HexPrefixedStringTests.swift in Sources */,
				584FAA8181A6C461F4592D3A /* PrefixedStringTests.swift in Sources */,
				584FA166D13C708CA59C1D40 /* EthGasPriceTests.swift in Sources */,
				584FA245CD1B6BA97CF19D3E /* EstimateGasProcedureTests.swift in Sources */,
				584FACA026F2BF079EB9CB13 /* EthGasEstimateTests.swift in Sources */,
				584FAA7C2DB291CE1E05EB63 /* JSONTypeErrorTests.swift in Sources */,
				584FAC87B490AD9C55DBB3AA /* EthRLPTests.swift in Sources */,
				584FAADDF5CB1FD4572644E1 /* CachedBytesTests.swift in Sources */,
				584FA665B514D92127A9EE7E /* CachedNumberTests.swift in Sources */,
				584FA8368A550CEF7AA30085 /* TransactionReceiptProcedureTests.swift in Sources */,
				584FAFF5E966CB6A9CF1B17A /* EthAutoAccountIT.swift in Sources */,
				584FA479C553F9EAF3EF0E5D /* EthTransactionIT.swift in Sources */,
				584FA232EF68173B6351106A /* EthTransactionHashIT.swift in Sources */,
				584FAC14A7FB7733155AE533 /* EthTransactionReceiptIT.swift in Sources */,
				584FA85A0A7C54C0D75375ED /* Actor.swift in Sources */,
				584FABCD64F5EE3A2B75711C /* Alice.swift in Sources */,
				584FA294E0F5E5F8CDB33E28 /* Bob.swift in Sources */,
				584FA951AD3FAB9C359A90EF /* GanacheLocalNetworkTests.swift in Sources */,
				584FA0C5E8ED7728A2AAD364 /* GanacheLocalNetwork.swift in Sources */,
				584FA57D105290DBCD21DCD7 /* MainnetInfuraMetamaskNetwork.swift in Sources */,
				584FA8DB9AC9BD077D9315A5 /* MainnetInfuraMetamaskNetworkTests.swift in Sources */,
				584FA7F17D3B2B2F38437B3B /* RightZeroesPaddedBytesTests.swift in Sources */,
				584FA5C085BF5892631B17AF /* LeftZeroesPaddedBytesTests.swift in Sources */,
				584FA4C51FE10AFE6858E23A /* EncodedABIFunctionTests.swift in Sources */,
				584FAA14636513F543FBBB25 /* Keccak256BytesTests.swift in Sources */,
				584FA54118C09BB79AE1BB7E /* ASCIIStringBytesTests.swift in Sources */,
				584FAD6A547499538A33A63B /* FirstBytesTests.swift in Sources */,
				584FA0F35749FB85E05B6F31 /* EthTransactionBytesTests.swift in Sources */,
				584FA717F76BEE396A3010DE /* EthDirectTransactionBytesTests.swift in Sources */,
				584FA36A481ECD04D8AF8B6D /* ABIFixedBytesTests.swift in Sources */,
				584FA0538DC5998B4B54F39C /* ABIDynamicCollectionTests.swift in Sources */,
				584FAA77E171634E1127C365 /* ABITupleTests.swift in Sources */,
				584FA85C619D278B919E8583 /* ABIVariableBytesTests.swift in Sources */,
				584FA57AE4696ABCE69EF251 /* ABIAddressTests.swift in Sources */,
				584FA37814121039A14D60A8 /* ABIUnsignedNumberTests.swift in Sources */,
				584FAA8C1856FBC6D0B6C832 /* ABIBooleanTests.swift in Sources */,
				584FAFBE8C15F8AE72AC55BF /* ABIStringTests.swift in Sources */,
				584FA2DB083CFB2D961D9F7B /* EncodedABITupleTests.swift in Sources */,
				584FA5983BEADC204550D6B2 /* EncodedContractTests.swift in Sources */,
				584FAA11B99158E23C19D72D /* EthContractCreationBytesTests.swift in Sources */,
				584FA7C41200ACF7635B34F4 /* Tim.swift in Sources */,
				584FAFDCB05D1C67298CA74A /* SimpleActor.swift in Sources */,
				584FA659D7E3D235F107B30A /* ContractDeploymentAndCallIT.swift in Sources */,
				584FA224DD79A59F68AFCD3E /* ComputedContractAddressTests.swift in Sources */,
				584FA91C2284970D36822BF8 /* LastBytesTests.swift in Sources */,
				584FA25884A8A5968AE8796C /* ContractCallProcedureTests.swift in Sources */,
				584FADD42B73A3FEEE9B8550 /* VerifiedProcedureTests.swift in Sources */,
			);
			runOnlyForDeploymentPostprocessing = 0;
		};
/* End PBXSourcesBuildPhase section */

/* Begin PBXTargetDependency section */
		607FACE71AFB9204008FA782 /* PBXTargetDependency */ = {
			isa = PBXTargetDependency;
			target = 607FACCF1AFB9204008FA782 /* Web3Swift_Example */;
			targetProxy = 607FACE61AFB9204008FA782 /* PBXContainerItemProxy */;
		};
/* End PBXTargetDependency section */

/* Begin PBXVariantGroup section */
		607FACD91AFB9204008FA782 /* Main.storyboard */ = {
			isa = PBXVariantGroup;
			children = (
				607FACDA1AFB9204008FA782 /* Base */,
			);
			name = Main.storyboard;
			sourceTree = "<group>";
		};
		607FACDE1AFB9204008FA782 /* LaunchScreen.xib */ = {
			isa = PBXVariantGroup;
			children = (
				607FACDF1AFB9204008FA782 /* Base */,
			);
			name = LaunchScreen.xib;
			sourceTree = "<group>";
		};
/* End PBXVariantGroup section */

/* Begin XCBuildConfiguration section */
		607FACED1AFB9204008FA782 /* Debug */ = {
			isa = XCBuildConfiguration;
			buildSettings = {
				ALWAYS_SEARCH_USER_PATHS = NO;
				CLANG_CXX_LANGUAGE_STANDARD = "gnu++0x";
				CLANG_CXX_LIBRARY = "libc++";
				CLANG_ENABLE_MODULES = YES;
				CLANG_ENABLE_OBJC_ARC = YES;
				CLANG_WARN_BLOCK_CAPTURE_AUTORELEASING = YES;
				CLANG_WARN_BOOL_CONVERSION = YES;
				CLANG_WARN_COMMA = YES;
				CLANG_WARN_CONSTANT_CONVERSION = YES;
				CLANG_WARN_DIRECT_OBJC_ISA_USAGE = YES_ERROR;
				CLANG_WARN_EMPTY_BODY = YES;
				CLANG_WARN_ENUM_CONVERSION = YES;
				CLANG_WARN_INFINITE_RECURSION = YES;
				CLANG_WARN_INT_CONVERSION = YES;
				CLANG_WARN_NON_LITERAL_NULL_CONVERSION = YES;
				CLANG_WARN_OBJC_LITERAL_CONVERSION = YES;
				CLANG_WARN_OBJC_ROOT_CLASS = YES_ERROR;
				CLANG_WARN_RANGE_LOOP_ANALYSIS = YES;
				CLANG_WARN_STRICT_PROTOTYPES = YES;
				CLANG_WARN_SUSPICIOUS_MOVE = YES;
				CLANG_WARN_UNREACHABLE_CODE = YES;
				CLANG_WARN__DUPLICATE_METHOD_MATCH = YES;
				"CODE_SIGN_IDENTITY[sdk=iphoneos*]" = "iPhone Developer";
				COPY_PHASE_STRIP = NO;
				DEBUG_INFORMATION_FORMAT = "dwarf-with-dsym";
				ENABLE_STRICT_OBJC_MSGSEND = YES;
				ENABLE_TESTABILITY = YES;
				GCC_C_LANGUAGE_STANDARD = gnu99;
				GCC_DYNAMIC_NO_PIC = NO;
				GCC_NO_COMMON_BLOCKS = YES;
				GCC_OPTIMIZATION_LEVEL = 0;
				GCC_PREPROCESSOR_DEFINITIONS = (
					"DEBUG=1",
					"$(inherited)",
				);
				GCC_SYMBOLS_PRIVATE_EXTERN = NO;
				GCC_WARN_64_TO_32_BIT_CONVERSION = YES;
				GCC_WARN_ABOUT_RETURN_TYPE = YES_ERROR;
				GCC_WARN_UNDECLARED_SELECTOR = YES;
				GCC_WARN_UNINITIALIZED_AUTOS = YES_AGGRESSIVE;
				GCC_WARN_UNUSED_FUNCTION = YES;
				GCC_WARN_UNUSED_VARIABLE = YES;
				IPHONEOS_DEPLOYMENT_TARGET = 9.3;
				MTL_ENABLE_DEBUG_INFO = YES;
				ONLY_ACTIVE_ARCH = YES;
				SDKROOT = iphoneos;
				SWIFT_OPTIMIZATION_LEVEL = "-Onone";
			};
			name = Debug;
		};
		607FACEE1AFB9204008FA782 /* Release */ = {
			isa = XCBuildConfiguration;
			buildSettings = {
				ALWAYS_SEARCH_USER_PATHS = NO;
				CLANG_CXX_LANGUAGE_STANDARD = "gnu++0x";
				CLANG_CXX_LIBRARY = "libc++";
				CLANG_ENABLE_MODULES = YES;
				CLANG_ENABLE_OBJC_ARC = YES;
				CLANG_WARN_BLOCK_CAPTURE_AUTORELEASING = YES;
				CLANG_WARN_BOOL_CONVERSION = YES;
				CLANG_WARN_COMMA = YES;
				CLANG_WARN_CONSTANT_CONVERSION = YES;
				CLANG_WARN_DIRECT_OBJC_ISA_USAGE = YES_ERROR;
				CLANG_WARN_EMPTY_BODY = YES;
				CLANG_WARN_ENUM_CONVERSION = YES;
				CLANG_WARN_INFINITE_RECURSION = YES;
				CLANG_WARN_INT_CONVERSION = YES;
				CLANG_WARN_NON_LITERAL_NULL_CONVERSION = YES;
				CLANG_WARN_OBJC_LITERAL_CONVERSION = YES;
				CLANG_WARN_OBJC_ROOT_CLASS = YES_ERROR;
				CLANG_WARN_RANGE_LOOP_ANALYSIS = YES;
				CLANG_WARN_STRICT_PROTOTYPES = YES;
				CLANG_WARN_SUSPICIOUS_MOVE = YES;
				CLANG_WARN_UNREACHABLE_CODE = YES;
				CLANG_WARN__DUPLICATE_METHOD_MATCH = YES;
				"CODE_SIGN_IDENTITY[sdk=iphoneos*]" = "iPhone Developer";
				COPY_PHASE_STRIP = NO;
				DEBUG_INFORMATION_FORMAT = "dwarf-with-dsym";
				ENABLE_NS_ASSERTIONS = NO;
				ENABLE_STRICT_OBJC_MSGSEND = YES;
				GCC_C_LANGUAGE_STANDARD = gnu99;
				GCC_NO_COMMON_BLOCKS = YES;
				GCC_WARN_64_TO_32_BIT_CONVERSION = YES;
				GCC_WARN_ABOUT_RETURN_TYPE = YES_ERROR;
				GCC_WARN_UNDECLARED_SELECTOR = YES;
				GCC_WARN_UNINITIALIZED_AUTOS = YES_AGGRESSIVE;
				GCC_WARN_UNUSED_FUNCTION = YES;
				GCC_WARN_UNUSED_VARIABLE = YES;
				IPHONEOS_DEPLOYMENT_TARGET = 9.3;
				MTL_ENABLE_DEBUG_INFO = NO;
				SDKROOT = iphoneos;
				SWIFT_OPTIMIZATION_LEVEL = "-Owholemodule";
				VALIDATE_PRODUCT = YES;
			};
			name = Release;
		};
		607FACF01AFB9204008FA782 /* Debug */ = {
			isa = XCBuildConfiguration;
			baseConfigurationReference = EF31EFC3250D5A7EF77E859E /* Pods-Web3Swift_Example.debug.xcconfig */;
			buildSettings = {
				ASSETCATALOG_COMPILER_APPICON_NAME = AppIcon;
				INFOPLIST_FILE = Web3Swift/Info.plist;
				IPHONEOS_DEPLOYMENT_TARGET = 10;
				LD_RUNPATH_SEARCH_PATHS = "$(inherited) @executable_path/Frameworks";
				MODULE_NAME = ExampleApp;
				PRODUCT_BUNDLE_IDENTIFIER = "org.cocoapods.demo.$(PRODUCT_NAME:rfc1034identifier)";
				PRODUCT_NAME = "$(TARGET_NAME)";
				SWIFT_SWIFT3_OBJC_INFERENCE = Default;
				SWIFT_VERSION = 4.0;
			};
			name = Debug;
		};
		607FACF11AFB9204008FA782 /* Release */ = {
			isa = XCBuildConfiguration;
			baseConfigurationReference = 17A034A484746115F55C4602 /* Pods-Web3Swift_Example.release.xcconfig */;
			buildSettings = {
				ASSETCATALOG_COMPILER_APPICON_NAME = AppIcon;
				INFOPLIST_FILE = Web3Swift/Info.plist;
				IPHONEOS_DEPLOYMENT_TARGET = 10;
				LD_RUNPATH_SEARCH_PATHS = "$(inherited) @executable_path/Frameworks";
				MODULE_NAME = ExampleApp;
				PRODUCT_BUNDLE_IDENTIFIER = "org.cocoapods.demo.$(PRODUCT_NAME:rfc1034identifier)";
				PRODUCT_NAME = "$(TARGET_NAME)";
				SWIFT_SWIFT3_OBJC_INFERENCE = Default;
				SWIFT_VERSION = 4.0;
			};
			name = Release;
		};
		607FACF31AFB9204008FA782 /* Debug */ = {
			isa = XCBuildConfiguration;
			baseConfigurationReference = F63B257E71ACEC57197C6918 /* Pods-Web3Swift_Tests.debug.xcconfig */;
			buildSettings = {
				GCC_PREPROCESSOR_DEFINITIONS = (
					"DEBUG=1",
					"$(inherited)",
				);
				INFOPLIST_FILE = Tests/Info.plist;
				LD_RUNPATH_SEARCH_PATHS = "$(inherited) @executable_path/Frameworks @loader_path/Frameworks";
				PRODUCT_BUNDLE_IDENTIFIER = "org.cocoapods.$(PRODUCT_NAME:rfc1034identifier)";
				PRODUCT_NAME = "$(TARGET_NAME)";
				SWIFT_SWIFT3_OBJC_INFERENCE = Default;
				SWIFT_VERSION = 4.0;
			};
			name = Debug;
		};
		607FACF41AFB9204008FA782 /* Release */ = {
			isa = XCBuildConfiguration;
			baseConfigurationReference = 1683BBDF32FA87183DA47238 /* Pods-Web3Swift_Tests.release.xcconfig */;
			buildSettings = {
				INFOPLIST_FILE = Tests/Info.plist;
				LD_RUNPATH_SEARCH_PATHS = "$(inherited) @executable_path/Frameworks @loader_path/Frameworks";
				PRODUCT_BUNDLE_IDENTIFIER = "org.cocoapods.$(PRODUCT_NAME:rfc1034identifier)";
				PRODUCT_NAME = "$(TARGET_NAME)";
				SWIFT_SWIFT3_OBJC_INFERENCE = Default;
				SWIFT_VERSION = 4.0;
			};
			name = Release;
		};
/* End XCBuildConfiguration section */

/* Begin XCConfigurationList section */
		607FACCB1AFB9204008FA782 /* Build configuration list for PBXProject "Web3Swift" */ = {
			isa = XCConfigurationList;
			buildConfigurations = (
				607FACED1AFB9204008FA782 /* Debug */,
				607FACEE1AFB9204008FA782 /* Release */,
			);
			defaultConfigurationIsVisible = 0;
			defaultConfigurationName = Release;
		};
		607FACEF1AFB9204008FA782 /* Build configuration list for PBXNativeTarget "Web3Swift_Example" */ = {
			isa = XCConfigurationList;
			buildConfigurations = (
				607FACF01AFB9204008FA782 /* Debug */,
				607FACF11AFB9204008FA782 /* Release */,
			);
			defaultConfigurationIsVisible = 0;
			defaultConfigurationName = Release;
		};
		607FACF21AFB9204008FA782 /* Build configuration list for PBXNativeTarget "Web3Swift_Tests" */ = {
			isa = XCConfigurationList;
			buildConfigurations = (
				607FACF31AFB9204008FA782 /* Debug */,
				607FACF41AFB9204008FA782 /* Release */,
			);
			defaultConfigurationIsVisible = 0;
			defaultConfigurationName = Release;
		};
/* End XCConfigurationList section */
	};
	rootObject = 607FACC81AFB9204008FA782 /* Project object */;
}
